
Microsoft Visual Studio Solution File, Format Version 12.00
# Visual Studio Version 17
VisualStudioVersion = 17.2.32602.215
MinimumVisualStudioVersion = 10.0.40219.1
Project("{FAE04EC0-301F-11D3-BF4B-00C04F79EFBC}") = "DemoMvcWithBlazor", "DemoMvcWithBlazor\DemoMvcWithBlazor.csproj", "{9CE43509-DCFF-4AD8-99F8-6EDB6F308A82}"
EndProject
Project("{FAE04EC0-301F-11D3-BF4B-00C04F79EFBC}") = "BlazorApp", "BlazorApp\BlazorApp.csproj", "{B9662CDF-E4AF-4F67-8519-8318CE6C61D8}"
EndProject
Global
	GlobalSection(SolutionConfigurationPlatforms) = preSolution
		Debug|Any CPU = Debug|Any CPU
		Release|Any CPU = Release|Any CPU
	EndGlobalSection
	GlobalSection(ProjectConfigurationPlatforms) = postSolution
		{9CE43509-DCFF-4AD8-99F8-6EDB6F308A82}.Debug|Any CPU.ActiveCfg = Debug|Any CPU
		{9CE43509-DCFF-4AD8-99F8-6EDB6F308A82}.Debug|Any CPU.Build.0 = Debug|Any CPU
		{9CE43509-DCFF-4AD8-99F8-6EDB6F308A82}.Release|Any CPU.ActiveCfg = Release|Any CPU
		{9CE43509-DCFF-4AD8-99F8-6EDB6F308A82}.Release|Any CPU.Build.0 = Release|Any CPU
		{B9662CDF-E4AF-4F67-8519-8318CE6C61D8}.Debug|Any CPU.ActiveCfg = Debug|Any CPU
		{B9662CDF-E4AF-4F67-8519-8318CE6C61D8}.Debug|Any CPU.Build.0 = Debug|Any CPU
		{B9662CDF-E4AF-4F67-8519-8318CE6C61D8}.Release|Any CPU.ActiveCfg = Release|Any CPU
		{B9662CDF-E4AF-4F67-8519-8318CE6C61D8}.Release|Any CPU.Build.0 = Release|Any CPU
	EndGlobalSection
	GlobalSection(SolutionProperties) = preSolution
		HideSolutionNode = FALSE
	EndGlobalSection
	GlobalSection(ExtensibilityGlobals) = postSolution
		SolutionGuid = {9A202FF9-C786-4D28-9748-D434D7FC2F61}
	EndGlobalSection
EndGlobal
